
Microsoft Visual Studio Solution File, Format Version 12.00
# Visual Studio Version 17
VisualStudioVersion = 17.9.34728.123
MinimumVisualStudioVersion = 10.0.40219.1
Project("{FAE04EC0-301F-11D3-BF4B-00C04F79EFBC}") = "personapi-dotnet", "personapi-dotnet.csproj", "{F2EA0A8E-3462-47C4-95E7-AFD5355ADCBD}"
EndProject
Global
	GlobalSection(SolutionConfigurationPlatforms) = preSolution
		Debug|Any CPU = Debug|Any CPU
		Release|Any CPU = Release|Any CPU
	EndGlobalSection
	GlobalSection(ProjectConfigurationPlatforms) = postSolution
		{F2EA0A8E-3462-47C4-95E7-AFD5355ADCBD}.Debug|Any CPU.ActiveCfg = Debug|Any CPU
		{F2EA0A8E-3462-47C4-95E7-AFD5355ADCBD}.Debug|Any CPU.Build.0 = Debug|Any CPU
		{F2EA0A8E-3462-47C4-95E7-AFD5355ADCBD}.Release|Any CPU.ActiveCfg = Release|Any CPU
		{F2EA0A8E-3462-47C4-95E7-AFD5355ADCBD}.Release|Any CPU.Build.0 = Release|Any CPU
	EndGlobalSection
	GlobalSection(SolutionProperties) = preSolution
		HideSolutionNode = FALSE
	EndGlobalSection
	GlobalSection(ExtensibilityGlobals) = postSolution
		SolutionGuid = {FC569E69-CC7C-4ADE-B4AD-7437C36DF027}
	EndGlobalSection
EndGlobal
